<?xml version="1.0" encoding="UTF-8" standalone="yes" ?>
<CodeBlocks_project_file>
	<FileVersion major="1" minor="6" />
	<Project>
		<Option title="Grammagic" />
		<Option pch_mode="2" />
		<Option compiler="gcc" />
		<Build>
			<Target title="Debug">
				<Option output="bin/Debug/Grammagic" prefix_auto="1" extension_auto="1" />
				<Option object_output="obj/Debug/" />
				<Option type="1" />
				<Option compiler="gcc" />
				<Compiler>
					<Add option="-g" />
				</Compiler>
			</Target>
		</Build>
		<Compiler>
			<Add option="-Wall" />
			<Add option="`sdl-config --cflags`" />
		</Compiler>
		<Linker>
			<Add option="-lSDL2" />
			<Add option="-lSDL2_ttf" />
			<Add option="-lSDL2_image" />
		</Linker>
		<Unit filename="globalConstants.h" />
		<Unit filename="magic/adjective.cpp" />
		<Unit filename="magic/adjective.h" />
		<Unit filename="magic/adverb.cpp" />
		<Unit filename="magic/adverb.h" />
		<Unit filename="magic/battleCommands.cpp" />
		<Unit filename="magic/battleCommands.h" />
		<Unit filename="magic/command.cpp" />
		<Unit filename="magic/command.h" />
		<Unit filename="magic/modifier.cpp" />
		<Unit filename="magic/modifier.h" />
		<Unit filename="magic/noun.cpp" />
		<Unit filename="magic/noun.h" />
		<Unit filename="magic/nounPhrase.cpp" />
		<Unit filename="magic/nounPhrase.h" />
		<Unit filename="magic/nounish.h" />
		<Unit filename="magic/properNoun.cpp" />
		<Unit filename="magic/properNoun.h" />
		<Unit filename="magic/spell.cpp" />
		<Unit filename="magic/spell.h" />
		<Unit filename="magic/targetAll.cpp" />
		<Unit filename="magic/targetAll.h" />
		<Unit filename="magic/verb.cpp" />
		<Unit filename="magic/verb.h" />
		<Unit filename="magic/word.cpp" />
		<Unit filename="magic/word.h" />
		<Unit filename="main.cpp" />
		<Unit filename="mapFileBlock.h" />
		<Unit filename="mapObject.cpp" />
		<Unit filename="mapObject.h" />
		<Unit filename="menuItem.cpp" />
		<Unit filename="menuItem.h" />
		<Unit filename="menuManager.cpp" />
		<Unit filename="menuManager.h" />
		<Unit filename="menuViewManager.cpp" />
		<Unit filename="menuViewManager.h" />
		<Unit filename="persistence/saveLoad.cpp" />
		<Unit filename="persistence/saveLoad.h" />
		<Unit filename="play/battleField.cpp" />
		<Unit filename="play/battleField.h" />
		<Unit filename="play/combatManager.cpp" />
		<Unit filename="play/combatManager.h" />
		<Unit filename="play/combatable.h" />
		<Unit filename="play/controlViewManager.cpp" />
		<Unit filename="play/enemy.cpp" />
		<Unit filename="play/enemy.h" />
		<Unit filename="play/gameMap.cpp" />
		<Unit filename="play/gameMap.h" />
		<Unit filename="play/mapCell.cpp" />
		<Unit filename="play/mapCell.h" />
		<Unit filename="play/mapViewManager.cpp" />
		<Unit filename="play/miniMapViewManager.cpp" />
		<Unit filename="play/mob.cpp" />
		<Unit filename="play/mob.h" />
		<Unit filename="play/party.cpp" />
		<Unit filename="play/party.h" />
		<Unit filename="play/pc.cpp" />
		<Unit filename="play/pc.h" />
		<Unit filename="play/playStateManager.cpp" />
		<Unit filename="play/playStateManager.h" />
		<Unit filename="play/statsViewManager.cpp" />
		<Unit filename="play/terrain.cpp" />
		<Unit filename="play/terrain.h" />
		<Unit filename="play/viewManagers.h" />
		<Unit filename="res/arrow-left.png" />
		<Unit filename="res/arrow-right.png" />
		<Unit filename="res/cursor.png" />
		<Unit filename="res/enemy.png" />
		<Unit filename="res/font.ttf" />
		<Unit filename="res/grass.png" />
		<Unit filename="res/hidden.png" />
		<Unit filename="res/invalid.png" />
		<Unit filename="res/magician.png" />
		<Unit filename="res/maps/map0_0" />
		<Unit filename="res/maps/map0_1" />
		<Unit filename="res/maps/map0_1.design" />
		<Unit filename="res/maps/map1_0" />
		<Unit filename="res/maps/map1_1" />
		<Unit filename="res/maps/map1_1.design" />
		<Unit filename="res/maps/map2_1" />
		<Unit filename="res/pc.png" />
		<Unit filename="res/strings.h" />
		<Unit filename="res/templates.cpp" />
		<Unit filename="res/templates.h" />
		<Unit filename="res/valid.png" />
		<Unit filename="res/wall.png" />
		<Unit filename="rune.cpp" />
		<Unit filename="rune.h" />
		<Unit filename="screenViewContainer.h" />
		<Unit filename="stateManager.cpp" />
		<Unit filename="stateManager.h" />
		<Unit filename="title/titleStateManager.cpp" />
		<Unit filename="title/titleStateManager.h" />
		<Unit filename="title/titleViewManager.cpp" />
		<Unit filename="title/titleViewManager.h" />
		<Unit filename="util/assetCache.cpp" />
		<Unit filename="util/assetCache.h" />
		<Unit filename="util/utils.cpp" />
		<Unit filename="util/utils.h" />
		<Unit filename="viewManager.cpp" />
		<Unit filename="viewManager.h" />
		<Extensions>
			<code_completion />
			<debugger />
		</Extensions>
	</Project>
</CodeBlocks_project_file>
